
Microsoft Visual Studio Solution File, Format Version 12.00
# Visual Studio Version 17
VisualStudioVersion = 17.14.36414.22
MinimumVisualStudioVersion = 10.0.40219.1
Project("{FAE04EC0-301F-11D3-BF4B-00C04F79EFBC}") = "PrayerCycle.Domain", "PrayerCycle.Domain\PrayerCycle.Domain.csproj", "{3B29BAF7-73D0-43B4-9E7A-106AC47122B9}"
EndProject
Project("{FAE04EC0-301F-11D3-BF4B-00C04F79EFBC}") = "PrayerCycle.Application", "PrayerCycle.Application\PrayerCycle.Application.csproj", "{15EA5FA7-E8F4-41DF-8A3D-3175F650B9F7}"
EndProject
Project("{FAE04EC0-301F-11D3-BF4B-00C04F79EFBC}") = "PrayerCycle.Persistence", "PrayerCycle.Persistence\PrayerCycle.Persistence.csproj", "{D3F31AE6-FDE0-4AA9-AC5B-A3A4D959C77A}"
EndProject
Project("{FAE04EC0-301F-11D3-BF4B-00C04F79EFBC}") = "PrayerCycle.Infrastructure", "PrayerCycle.Infrastructure\PrayerCycle.Infrastructure.csproj", "{8692E6D9-78B9-41A1-BEE3-BBBAA3777E7C}"
EndProject
Project("{FAE04EC0-301F-11D3-BF4B-00C04F79EFBC}") = "PrayerCycle.API", "PrayerCycle.API\PrayerCycle.API.csproj", "{52C6CC57-CD98-4E21-8AD2-0112109BFF7F}"
EndProject
Global
	GlobalSection(SolutionConfigurationPlatforms) = preSolution
		Debug|Any CPU = Debug|Any CPU
		Release|Any CPU = Release|Any CPU
	EndGlobalSection
	GlobalSection(ProjectConfigurationPlatforms) = postSolution
		{3B29BAF7-73D0-43B4-9E7A-106AC47122B9}.Debug|Any CPU.ActiveCfg = Debug|Any CPU
		{3B29BAF7-73D0-43B4-9E7A-106AC47122B9}.Debug|Any CPU.Build.0 = Debug|Any CPU
		{3B29BAF7-73D0-43B4-9E7A-106AC47122B9}.Release|Any CPU.ActiveCfg = Release|Any CPU
		{3B29BAF7-73D0-43B4-9E7A-106AC47122B9}.Release|Any CPU.Build.0 = Release|Any CPU
		{15EA5FA7-E8F4-41DF-8A3D-3175F650B9F7}.Debug|Any CPU.ActiveCfg = Debug|Any CPU
		{15EA5FA7-E8F4-41DF-8A3D-3175F650B9F7}.Debug|Any CPU.Build.0 = Debug|Any CPU
		{15EA5FA7-E8F4-41DF-8A3D-3175F650B9F7}.Release|Any CPU.ActiveCfg = Release|Any CPU
		{15EA5FA7-E8F4-41DF-8A3D-3175F650B9F7}.Release|Any CPU.Build.0 = Release|Any CPU
		{D3F31AE6-FDE0-4AA9-AC5B-A3A4D959C77A}.Debug|Any CPU.ActiveCfg = Debug|Any CPU
		{D3F31AE6-FDE0-4AA9-AC5B-A3A4D959C77A}.Debug|Any CPU.Build.0 = Debug|Any CPU
		{D3F31AE6-FDE0-4AA9-AC5B-A3A4D959C77A}.Release|Any CPU.ActiveCfg = Release|Any CPU
		{D3F31AE6-FDE0-4AA9-AC5B-A3A4D959C77A}.Release|Any CPU.Build.0 = Release|Any CPU
		{8692E6D9-78B9-41A1-BEE3-BBBAA3777E7C}.Debug|Any CPU.ActiveCfg = Debug|Any CPU
		{8692E6D9-78B9-41A1-BEE3-BBBAA3777E7C}.Debug|Any CPU.Build.0 = Debug|Any CPU
		{8692E6D9-78B9-41A1-BEE3-BBBAA3777E7C}.Release|Any CPU.ActiveCfg = Release|Any CPU
		{8692E6D9-78B9-41A1-BEE3-BBBAA3777E7C}.Release|Any CPU.Build.0 = Release|Any CPU
		{52C6CC57-CD98-4E21-8AD2-0112109BFF7F}.Debug|Any CPU.ActiveCfg = Debug|Any CPU
		{52C6CC57-CD98-4E21-8AD2-0112109BFF7F}.Debug|Any CPU.Build.0 = Debug|Any CPU
		{52C6CC57-CD98-4E21-8AD2-0112109BFF7F}.Release|Any CPU.ActiveCfg = Release|Any CPU
		{52C6CC57-CD98-4E21-8AD2-0112109BFF7F}.Release|Any CPU.Build.0 = Release|Any CPU
	EndGlobalSection
	GlobalSection(SolutionProperties) = preSolution
		HideSolutionNode = FALSE
	EndGlobalSection
	GlobalSection(ExtensibilityGlobals) = postSolution
		SolutionGuid = {92C310BD-E32C-4540-99DE-67677096E67A}
	EndGlobalSection
EndGlobal
